// !$*UTF8*$!
{
	archiveVersion = 1;
	classes = {
	};
	objectVersion = 51;
	objects = {

/* Begin PBXBuildFile section */
		8E7FA5334C6155D207510C50 /* Pods_Knowing.framework in Frameworks */ = {isa = PBXBuildFile; fileRef = 234F8FC0A6937616FF54D776 /* Pods_Knowing.framework */; };
		BF151BA5273243BC0065E766 /* StepOneView.swift in Sources */ = {isa = PBXBuildFile; fileRef = BF151BA4273243BC0065E766 /* StepOneView.swift */; };
		BF151BA72732465C0065E766 /* StepTwoView.swift in Sources */ = {isa = PBXBuildFile; fileRef = BF151BA62732465C0065E766 /* StepTwoView.swift */; };
		BF151BA92732466B0065E766 /* StepThreeView.swift in Sources */ = {isa = PBXBuildFile; fileRef = BF151BA82732466B0065E766 /* StepThreeView.swift */; };
		BF151BAB273246790065E766 /* StepFourView.swift in Sources */ = {isa = PBXBuildFile; fileRef = BF151BAA273246790065E766 /* StepFourView.swift */; };
		BF151BAD273246850065E766 /* StepFiveView.swift in Sources */ = {isa = PBXBuildFile; fileRef = BF151BAC273246850065E766 /* StepFiveView.swift */; };
		BF151BAF2732760F0065E766 /* AddressViewController.swift in Sources */ = {isa = PBXBuildFile; fileRef = BF151BAE2732760F0065E766 /* AddressViewController.swift */; };
		BF273BAB273CB5200028EF07 /* SpecialViewController.swift in Sources */ = {isa = PBXBuildFile; fileRef = BF273BAA273CB5200028EF07 /* SpecialViewController.swift */; };
		BF282B3127688520008E151C /* ModifyUserViewController.swift in Sources */ = {isa = PBXBuildFile; fileRef = BF282B3027688520008E151C /* ModifyUserViewController.swift */; };
		BF282B3327689211008E151C /* ExtraModifyViewController.swift in Sources */ = {isa = PBXBuildFile; fileRef = BF282B3227689211008E151C /* ExtraModifyViewController.swift */; };
		BF2E058327225D7E008CA167 /* GuideViewController.swift in Sources */ = {isa = PBXBuildFile; fileRef = BF2E058227225D7E008CA167 /* GuideViewController.swift */; };
		BF2E058527226070008CA167 /* CustomComponent.swift in Sources */ = {isa = PBXBuildFile; fileRef = BF2E058427226070008CA167 /* CustomComponent.swift */; };
		BF2E058727229B6F008CA167 /* lf20_ng9j9lpx_1.json in Resources */ = {isa = PBXBuildFile; fileRef = BF2E058627229B6F008CA167 /* lf20_ng9j9lpx_1.json */; };
		BF2E058927229C30008CA167 /* LoadingViewController.swift in Sources */ = {isa = PBXBuildFile; fileRef = BF2E058827229C30008CA167 /* LoadingViewController.swift */; };
		BF3502292768D4EA00399CC1 /* ExtraModifyViewModel.swift in Sources */ = {isa = PBXBuildFile; fileRef = BF3502282768D4EA00399CC1 /* ExtraModifyViewModel.swift */; };
		BF368C46274E14110035DA50 /* AppleSDGothicNeoEB.ttf in Resources */ = {isa = PBXBuildFile; fileRef = BF368C45274E14110035DA50 /* AppleSDGothicNeoEB.ttf */; };
		BF3CF93E274FD6850018260B /* PostDetailViewModel.swift in Sources */ = {isa = PBXBuildFile; fileRef = BF3CF93D274FD6850018260B /* PostDetailViewModel.swift */; };
		BF4F267F27584BD8004A153D /* Alarm.swift in Sources */ = {isa = PBXBuildFile; fileRef = BF4F267E27584BD7004A153D /* Alarm.swift */; };
		BF5351CB2733C2230040ECFE /* ExtraSignUpViewModel.swift in Sources */ = {isa = PBXBuildFile; fileRef = BF5351CA2733C2230040ECFE /* ExtraSignUpViewModel.swift */; };
		BF5A2B8A272A67E200234429 /* GodoM.ttf in Resources */ = {isa = PBXBuildFile; fileRef = BF5A2B88272A5D4F00234429 /* GodoM.ttf */; };
		BF5A2B8B272A67E500234429 /* GodoB.ttf in Resources */ = {isa = PBXBuildFile; fileRef = BF5A2B89272A62D500234429 /* GodoB.ttf */; };
		BF5A2B8E272A7B8F00234429 /* DefaultLoginViewController.swift in Sources */ = {isa = PBXBuildFile; fileRef = BF5A2B8D272A7B8F00234429 /* DefaultLoginViewController.swift */; };
		BF5C9BBE2742939E00005AC7 /* ApiSignUpViewController.swift in Sources */ = {isa = PBXBuildFile; fileRef = BF5C9BBD2742939E00005AC7 /* ApiSignUpViewController.swift */; };
		BF5C9BC02742A53C00005AC7 /* ApiSignUpViewModel.swift in Sources */ = {isa = PBXBuildFile; fileRef = BF5C9BBF2742A53C00005AC7 /* ApiSignUpViewModel.swift */; };
		BF6086A32740ABB900D63BF6 /* AgreeTermsViewController.swift in Sources */ = {isa = PBXBuildFile; fileRef = BF6086A22740ABB900D63BF6 /* AgreeTermsViewController.swift */; };
		BF6086A52740B3D100D63BF6 /* AgreeTermsViewModel.swift in Sources */ = {isa = PBXBuildFile; fileRef = BF6086A42740B3D100D63BF6 /* AgreeTermsViewModel.swift */; };
		BF768BCC274CD4390050C0EF /* Post.swift in Sources */ = {isa = PBXBuildFile; fileRef = BF768BCB274CD4390050C0EF /* Post.swift */; };
		BF7749832754C98D0062180A /* MainTabViewModel.swift in Sources */ = {isa = PBXBuildFile; fileRef = BF7749822754C98D0062180A /* MainTabViewModel.swift */; };
		BF7749852754E0290062180A /* HomeChartViewModel.swift in Sources */ = {isa = PBXBuildFile; fileRef = BF7749842754E0290062180A /* HomeChartViewModel.swift */; };
		BF7749872754F3550062180A /* HomeAllPostViewModel.swift in Sources */ = {isa = PBXBuildFile; fileRef = BF7749862754F3550062180A /* HomeAllPostViewModel.swift */; };
		BF8379372729208900584E33 /* HomeChartView.swift in Sources */ = {isa = PBXBuildFile; fileRef = BF8379362729208900584E33 /* HomeChartView.swift */; };
		BF83793A2729238300584E33 /* HomeCalendarVIew.swift in Sources */ = {isa = PBXBuildFile; fileRef = BF8379392729238300584E33 /* HomeCalendarVIew.swift */; };
		BF83793D272924B100584E33 /* HomeAllPostView.swift in Sources */ = {isa = PBXBuildFile; fileRef = BF83793C272924B100584E33 /* HomeAllPostView.swift */; };
		BF85C62927310147005D9EF1 /* SignUpViewModel.swift in Sources */ = {isa = PBXBuildFile; fileRef = BF85C62827310147005D9EF1 /* SignUpViewModel.swift */; };
		BF85C62B27310883005D9EF1 /* FoundationExtension.swift in Sources */ = {isa = PBXBuildFile; fileRef = BF85C62A27310883005D9EF1 /* FoundationExtension.swift */; };
		BF85C631273111B7005D9EF1 /* SignUpViewController.swift in Sources */ = {isa = PBXBuildFile; fileRef = BF85C630273111B7005D9EF1 /* SignUpViewController.swift */; };
		BF85C63427311203005D9EF1 /* ExtraSignUpViewController.swift in Sources */ = {isa = PBXBuildFile; fileRef = BF85C63327311203005D9EF1 /* ExtraSignUpViewController.swift */; };
		BF8772102755E6D700EC9C9A /* TermsAndConditionsViewController.swift in Sources */ = {isa = PBXBuildFile; fileRef = BF87720F2755E6D700EC9C9A /* TermsAndConditionsViewController.swift */; };
		BF8772122755ED8000EC9C9A /* OpenSourceViewController.swift in Sources */ = {isa = PBXBuildFile; fileRef = BF8772112755ED8000EC9C9A /* OpenSourceViewController.swift */; };
		BF8772142755F11C00EC9C9A /* PersonnalInfoViewController.swift in Sources */ = {isa = PBXBuildFile; fileRef = BF8772132755F11C00EC9C9A /* PersonnalInfoViewController.swift */; };
		BF8772162756181900EC9C9A /* AlarmSettingViewController.swift in Sources */ = {isa = PBXBuildFile; fileRef = BF8772152756181900EC9C9A /* AlarmSettingViewController.swift */; };
		BF877218275640DD00EC9C9A /* APIModifyUserViewController.swift in Sources */ = {isa = PBXBuildFile; fileRef = BF877217275640DD00EC9C9A /* APIModifyUserViewController.swift */; };
		BF87721A2756412300EC9C9A /* Category.swift in Sources */ = {isa = PBXBuildFile; fileRef = BF8772192756412300EC9C9A /* Category.swift */; };
		BF87721C27565D4D00EC9C9A /* DefaultModifyUserViewController.swift in Sources */ = {isa = PBXBuildFile; fileRef = BF87721B27565D4D00EC9C9A /* DefaultModifyUserViewController.swift */; };
		BF87721E275679E200EC9C9A /* NoticeViewController.swift in Sources */ = {isa = PBXBuildFile; fileRef = BF87721D275679E200EC9C9A /* NoticeViewController.swift */; };
		BF8A9A03273B7EEA00DA4DE4 /* AddPostCategoryViewModel.swift in Sources */ = {isa = PBXBuildFile; fileRef = BF8A9A02273B7EEA00DA4DE4 /* AddPostCategoryViewModel.swift */; };
		BF8A9A06273B83A600DA4DE4 /* FindEmailViewController.swift in Sources */ = {isa = PBXBuildFile; fileRef = BF8A9A05273B83A600DA4DE4 /* FindEmailViewController.swift */; };
		BF8A9A08273B879E00DA4DE4 /* FindEmailViewModel.swift in Sources */ = {isa = PBXBuildFile; fileRef = BF8A9A07273B879E00DA4DE4 /* FindEmailViewModel.swift */; };
		BF8A9A0A273B8BBA00DA4DE4 /* ConfirmEmailViewController.swift in Sources */ = {isa = PBXBuildFile; fileRef = BF8A9A09273B8BBA00DA4DE4 /* ConfirmEmailViewController.swift */; };
		BF8A9A0F273B927000DA4DE4 /* lf20_rjrqsjob.json in Resources */ = {isa = PBXBuildFile; fileRef = BF8A9A0E273B927000DA4DE4 /* lf20_rjrqsjob.json */; };
		BF8A9A11273B929F00DA4DE4 /* FindPasswordViewController.swift in Sources */ = {isa = PBXBuildFile; fileRef = BF8A9A10273B929F00DA4DE4 /* FindPasswordViewController.swift */; };
		BF8A9A13273B962000DA4DE4 /* FindPasswordViewModel.swift in Sources */ = {isa = PBXBuildFile; fileRef = BF8A9A12273B962000DA4DE4 /* FindPasswordViewModel.swift */; };
		BF8A9A15273B97AF00DA4DE4 /* ConfirmPasswordViewController.swift in Sources */ = {isa = PBXBuildFile; fileRef = BF8A9A14273B97AF00DA4DE4 /* ConfirmPasswordViewController.swift */; };
		BF8A9A17273B9FC100DA4DE4 /* lf30_editor_ctu3nzol.json in Resources */ = {isa = PBXBuildFile; fileRef = BF8A9A16273B9FC100DA4DE4 /* lf30_editor_ctu3nzol.json */; };
		BF8AA38027677ED70054A5C4 /* SortViewController.swift in Sources */ = {isa = PBXBuildFile; fileRef = BF8AA37F27677ED70054A5C4 /* SortViewController.swift */; };
		BF8D262F2743DD85002A9165 /* TmpAddressViewController.swift in Sources */ = {isa = PBXBuildFile; fileRef = BF8D262E2743DD85002A9165 /* TmpAddressViewController.swift */; };
		BF8D626A2718FF51006D7227 /* AppDelegate.swift in Sources */ = {isa = PBXBuildFile; fileRef = BF8D62692718FF51006D7227 /* AppDelegate.swift */; };
		BF8D626C2718FF51006D7227 /* SceneDelegate.swift in Sources */ = {isa = PBXBuildFile; fileRef = BF8D626B2718FF51006D7227 /* SceneDelegate.swift */; };
		BF8D626E2718FF51006D7227 /* ViewController.swift in Sources */ = {isa = PBXBuildFile; fileRef = BF8D626D2718FF51006D7227 /* ViewController.swift */; };
		BF8D62712718FF51006D7227 /* Main.storyboard in Resources */ = {isa = PBXBuildFile; fileRef = BF8D626F2718FF51006D7227 /* Main.storyboard */; };
		BF8D62732718FF53006D7227 /* Assets.xcassets in Resources */ = {isa = PBXBuildFile; fileRef = BF8D62722718FF53006D7227 /* Assets.xcassets */; };
		BF8D62762718FF53006D7227 /* LaunchScreen.storyboard in Resources */ = {isa = PBXBuildFile; fileRef = BF8D62742718FF53006D7227 /* LaunchScreen.storyboard */; };
		BF8D627E2719012A006D7227 /* GoogleService-Info.plist in Resources */ = {isa = PBXBuildFile; fileRef = BF8D627D2719012A006D7227 /* GoogleService-Info.plist */; };
		BF8D8F6D2756FF98009E6696 /* ChartView.swift in Sources */ = {isa = PBXBuildFile; fileRef = BF8D8F6C2756FF98009E6696 /* ChartView.swift */; };
		BF9A5D33274F1F0C005CC646 /* PostDetailViewController.swift in Sources */ = {isa = PBXBuildFile; fileRef = BF9A5D32274F1F0C005CC646 /* PostDetailViewController.swift */; };
		BFA07970271FD2F800912C18 /* MainTabViewController.swift in Sources */ = {isa = PBXBuildFile; fileRef = BFA0796F271FD2F800912C18 /* MainTabViewController.swift */; };
		BFA07976271FD47F00912C18 /* HomeViewController.swift in Sources */ = {isa = PBXBuildFile; fileRef = BFA07975271FD47F00912C18 /* HomeViewController.swift */; };
		BFA07978271FD51600912C18 /* NotificationViewController.swift in Sources */ = {isa = PBXBuildFile; fileRef = BFA07977271FD51600912C18 /* NotificationViewController.swift */; };
		BFA0797A271FD5C900912C18 /* BookMarkViewController.swift in Sources */ = {isa = PBXBuildFile; fileRef = BFA07979271FD5C900912C18 /* BookMarkViewController.swift */; };
		BFA0797C271FD5F100912C18 /* MyPageViewController.swift in Sources */ = {isa = PBXBuildFile; fileRef = BFA0797B271FD5F100912C18 /* MyPageViewController.swift */; };
		BFA4689C2746341A0056224A /* SchoolViewController.swift in Sources */ = {isa = PBXBuildFile; fileRef = BFA4689B2746341A0056224A /* SchoolViewController.swift */; };
		BFA4689E27463BA50056224A /* School.swift in Sources */ = {isa = PBXBuildFile; fileRef = BFA4689D27463BA50056224A /* School.swift */; };
		BFC38CF327365AE400F94876 /* User.swift in Sources */ = {isa = PBXBuildFile; fileRef = BFC38CF227365AE400F94876 /* User.swift */; };
		BFC74512273A0ADE00090BCB /* AddPostCategoryViewController.swift in Sources */ = {isa = PBXBuildFile; fileRef = BFC74511273A0ADE00090BCB /* AddPostCategoryViewController.swift */; };
		BFECE1CC2738DCAF0055FA9D /* Enum.swift in Sources */ = {isa = PBXBuildFile; fileRef = BFECE1CB2738DCAF0055FA9D /* Enum.swift */; };
		BFF1299C2737C1B500BD89EA /* DefaultLoginViewModel.swift in Sources */ = {isa = PBXBuildFile; fileRef = BFF1299B2737C1B500BD89EA /* DefaultLoginViewModel.swift */; };
		BFF506F8271908D4003127CF /* LoginViewController.swift in Sources */ = {isa = PBXBuildFile; fileRef = BFF506F7271908D4003127CF /* LoginViewController.swift */; };
		BFF506FB27190D80003127CF /* UIKitExtension.swift in Sources */ = {isa = PBXBuildFile; fileRef = BFF506FA27190D80003127CF /* UIKitExtension.swift */; };
		BFFB7E97274A7EC7008FDF6A /* PostCell.swift in Sources */ = {isa = PBXBuildFile; fileRef = BFFB7E96274A7EC7008FDF6A /* PostCell.swift */; };
/* End PBXBuildFile section */

/* Begin PBXFileReference section */
		234F8FC0A6937616FF54D776 /* Pods_Knowing.framework */ = {isa = PBXFileReference; explicitFileType = wrapper.framework; includeInIndex = 0; path = Pods_Knowing.framework; sourceTree = BUILT_PRODUCTS_DIR; };
		6FC58E7E1901AFC3F7ED30FD /* Pods-Knowing.debug.xcconfig */ = {isa = PBXFileReference; includeInIndex = 1; lastKnownFileType = text.xcconfig; name = "Pods-Knowing.debug.xcconfig"; path = "Target Support Files/Pods-Knowing/Pods-Knowing.debug.xcconfig"; sourceTree = "<group>"; };
		79344B48A9993DC1F63632C6 /* Pods-Knowing.release.xcconfig */ = {isa = PBXFileReference; includeInIndex = 1; lastKnownFileType = text.xcconfig; name = "Pods-Knowing.release.xcconfig"; path = "Target Support Files/Pods-Knowing/Pods-Knowing.release.xcconfig"; sourceTree = "<group>"; };
		BF151BA4273243BC0065E766 /* StepOneView.swift */ = {isa = PBXFileReference; lastKnownFileType = sourcecode.swift; path = StepOneView.swift; sourceTree = "<group>"; };
		BF151BA62732465C0065E766 /* StepTwoView.swift */ = {isa = PBXFileReference; lastKnownFileType = sourcecode.swift; path = StepTwoView.swift; sourceTree = "<group>"; };
		BF151BA82732466B0065E766 /* StepThreeView.swift */ = {isa = PBXFileReference; lastKnownFileType = sourcecode.swift; path = StepThreeView.swift; sourceTree = "<group>"; };
		BF151BAA273246790065E766 /* StepFourView.swift */ = {isa = PBXFileReference; lastKnownFileType = sourcecode.swift; path = StepFourView.swift; sourceTree = "<group>"; };
		BF151BAC273246850065E766 /* StepFiveView.swift */ = {isa = PBXFileReference; lastKnownFileType = sourcecode.swift; path = StepFiveView.swift; sourceTree = "<group>"; };
		BF151BAE2732760F0065E766 /* AddressViewController.swift */ = {isa = PBXFileReference; lastKnownFileType = sourcecode.swift; path = AddressViewController.swift; sourceTree = "<group>"; };
		BF273BAA273CB5200028EF07 /* SpecialViewController.swift */ = {isa = PBXFileReference; lastKnownFileType = sourcecode.swift; path = SpecialViewController.swift; sourceTree = "<group>"; };
		BF282B3027688520008E151C /* ModifyUserViewController.swift */ = {isa = PBXFileReference; lastKnownFileType = sourcecode.swift; path = ModifyUserViewController.swift; sourceTree = "<group>"; };
		BF282B3227689211008E151C /* ExtraModifyViewController.swift */ = {isa = PBXFileReference; lastKnownFileType = sourcecode.swift; path = ExtraModifyViewController.swift; sourceTree = "<group>"; };
		BF2E058227225D7E008CA167 /* GuideViewController.swift */ = {isa = PBXFileReference; lastKnownFileType = sourcecode.swift; path = GuideViewController.swift; sourceTree = "<group>"; };
		BF2E058427226070008CA167 /* CustomComponent.swift */ = {isa = PBXFileReference; lastKnownFileType = sourcecode.swift; path = CustomComponent.swift; sourceTree = "<group>"; };
		BF2E058627229B6F008CA167 /* lf20_ng9j9lpx_1.json */ = {isa = PBXFileReference; fileEncoding = 4; lastKnownFileType = text.json; path = lf20_ng9j9lpx_1.json; sourceTree = "<group>"; };
		BF2E058827229C30008CA167 /* LoadingViewController.swift */ = {isa = PBXFileReference; lastKnownFileType = sourcecode.swift; path = LoadingViewController.swift; sourceTree = "<group>"; };
		BF3502282768D4EA00399CC1 /* ExtraModifyViewModel.swift */ = {isa = PBXFileReference; lastKnownFileType = sourcecode.swift; path = ExtraModifyViewModel.swift; sourceTree = "<group>"; };
		BF368C45274E14110035DA50 /* AppleSDGothicNeoEB.ttf */ = {isa = PBXFileReference; lastKnownFileType = file; path = AppleSDGothicNeoEB.ttf; sourceTree = "<group>"; };
		BF3CF93D274FD6850018260B /* PostDetailViewModel.swift */ = {isa = PBXFileReference; lastKnownFileType = sourcecode.swift; path = PostDetailViewModel.swift; sourceTree = "<group>"; };
		BF4F267E27584BD7004A153D /* Alarm.swift */ = {isa = PBXFileReference; lastKnownFileType = sourcecode.swift; path = Alarm.swift; sourceTree = "<group>"; };
		BF5351CA2733C2230040ECFE /* ExtraSignUpViewModel.swift */ = {isa = PBXFileReference; lastKnownFileType = sourcecode.swift; path = ExtraSignUpViewModel.swift; sourceTree = "<group>"; };
		BF5A2B88272A5D4F00234429 /* GodoM.ttf */ = {isa = PBXFileReference; lastKnownFileType = file; path = GodoM.ttf; sourceTree = "<group>"; };
		BF5A2B89272A62D500234429 /* GodoB.ttf */ = {isa = PBXFileReference; lastKnownFileType = file; path = GodoB.ttf; sourceTree = "<group>"; };
		BF5A2B8D272A7B8F00234429 /* DefaultLoginViewController.swift */ = {isa = PBXFileReference; lastKnownFileType = sourcecode.swift; path = DefaultLoginViewController.swift; sourceTree = "<group>"; };
		BF5C9BBD2742939E00005AC7 /* ApiSignUpViewController.swift */ = {isa = PBXFileReference; lastKnownFileType = sourcecode.swift; path = ApiSignUpViewController.swift; sourceTree = "<group>"; };
		BF5C9BBF2742A53C00005AC7 /* ApiSignUpViewModel.swift */ = {isa = PBXFileReference; lastKnownFileType = sourcecode.swift; path = ApiSignUpViewModel.swift; sourceTree = "<group>"; };
		BF6086A22740ABB900D63BF6 /* AgreeTermsViewController.swift */ = {isa = PBXFileReference; lastKnownFileType = sourcecode.swift; path = AgreeTermsViewController.swift; sourceTree = "<group>"; };
		BF6086A42740B3D100D63BF6 /* AgreeTermsViewModel.swift */ = {isa = PBXFileReference; lastKnownFileType = sourcecode.swift; path = AgreeTermsViewModel.swift; sourceTree = "<group>"; };
		BF768BCB274CD4390050C0EF /* Post.swift */ = {isa = PBXFileReference; lastKnownFileType = sourcecode.swift; path = Post.swift; sourceTree = "<group>"; };
		BF7749822754C98D0062180A /* MainTabViewModel.swift */ = {isa = PBXFileReference; lastKnownFileType = sourcecode.swift; path = MainTabViewModel.swift; sourceTree = "<group>"; };
		BF7749842754E0290062180A /* HomeChartViewModel.swift */ = {isa = PBXFileReference; lastKnownFileType = sourcecode.swift; path = HomeChartViewModel.swift; sourceTree = "<group>"; };
		BF7749862754F3550062180A /* HomeAllPostViewModel.swift */ = {isa = PBXFileReference; lastKnownFileType = sourcecode.swift; path = HomeAllPostViewModel.swift; sourceTree = "<group>"; };
		BF8379362729208900584E33 /* HomeChartView.swift */ = {isa = PBXFileReference; lastKnownFileType = sourcecode.swift; path = HomeChartView.swift; sourceTree = "<group>"; };
		BF8379392729238300584E33 /* HomeCalendarVIew.swift */ = {isa = PBXFileReference; lastKnownFileType = sourcecode.swift; path = HomeCalendarVIew.swift; sourceTree = "<group>"; };
		BF83793C272924B100584E33 /* HomeAllPostView.swift */ = {isa = PBXFileReference; lastKnownFileType = sourcecode.swift; path = HomeAllPostView.swift; sourceTree = "<group>"; };
		BF85C62827310147005D9EF1 /* SignUpViewModel.swift */ = {isa = PBXFileReference; lastKnownFileType = sourcecode.swift; path = SignUpViewModel.swift; sourceTree = "<group>"; };
		BF85C62A27310883005D9EF1 /* FoundationExtension.swift */ = {isa = PBXFileReference; lastKnownFileType = sourcecode.swift; path = FoundationExtension.swift; sourceTree = "<group>"; };
		BF85C630273111B7005D9EF1 /* SignUpViewController.swift */ = {isa = PBXFileReference; fileEncoding = 4; lastKnownFileType = sourcecode.swift; path = SignUpViewController.swift; sourceTree = "<group>"; };
		BF85C63327311203005D9EF1 /* ExtraSignUpViewController.swift */ = {isa = PBXFileReference; lastKnownFileType = sourcecode.swift; path = ExtraSignUpViewController.swift; sourceTree = "<group>"; };
		BF87720F2755E6D700EC9C9A /* TermsAndConditionsViewController.swift */ = {isa = PBXFileReference; lastKnownFileType = sourcecode.swift; path = TermsAndConditionsViewController.swift; sourceTree = "<group>"; };
		BF8772112755ED8000EC9C9A /* OpenSourceViewController.swift */ = {isa = PBXFileReference; lastKnownFileType = sourcecode.swift; path = OpenSourceViewController.swift; sourceTree = "<group>"; };
		BF8772132755F11C00EC9C9A /* PersonnalInfoViewController.swift */ = {isa = PBXFileReference; lastKnownFileType = sourcecode.swift; path = PersonnalInfoViewController.swift; sourceTree = "<group>"; };
		BF8772152756181900EC9C9A /* AlarmSettingViewController.swift */ = {isa = PBXFileReference; lastKnownFileType = sourcecode.swift; path = AlarmSettingViewController.swift; sourceTree = "<group>"; };
		BF877217275640DD00EC9C9A /* APIModifyUserViewController.swift */ = {isa = PBXFileReference; lastKnownFileType = sourcecode.swift; path = APIModifyUserViewController.swift; sourceTree = "<group>"; };
		BF8772192756412300EC9C9A /* Category.swift */ = {isa = PBXFileReference; lastKnownFileType = sourcecode.swift; path = Category.swift; sourceTree = "<group>"; };
		BF87721B27565D4D00EC9C9A /* DefaultModifyUserViewController.swift */ = {isa = PBXFileReference; lastKnownFileType = sourcecode.swift; path = DefaultModifyUserViewController.swift; sourceTree = "<group>"; };
		BF87721D275679E200EC9C9A /* NoticeViewController.swift */ = {isa = PBXFileReference; lastKnownFileType = sourcecode.swift; path = NoticeViewController.swift; sourceTree = "<group>"; };
		BF8A9A02273B7EEA00DA4DE4 /* AddPostCategoryViewModel.swift */ = {isa = PBXFileReference; lastKnownFileType = sourcecode.swift; path = AddPostCategoryViewModel.swift; sourceTree = "<group>"; };
		BF8A9A05273B83A600DA4DE4 /* FindEmailViewController.swift */ = {isa = PBXFileReference; lastKnownFileType = sourcecode.swift; path = FindEmailViewController.swift; sourceTree = "<group>"; };
		BF8A9A07273B879E00DA4DE4 /* FindEmailViewModel.swift */ = {isa = PBXFileReference; lastKnownFileType = sourcecode.swift; path = FindEmailViewModel.swift; sourceTree = "<group>"; };
		BF8A9A09273B8BBA00DA4DE4 /* ConfirmEmailViewController.swift */ = {isa = PBXFileReference; lastKnownFileType = sourcecode.swift; path = ConfirmEmailViewController.swift; sourceTree = "<group>"; };
		BF8A9A0E273B927000DA4DE4 /* lf20_rjrqsjob.json */ = {isa = PBXFileReference; fileEncoding = 4; lastKnownFileType = text.json; path = lf20_rjrqsjob.json; sourceTree = "<group>"; };
		BF8A9A10273B929F00DA4DE4 /* FindPasswordViewController.swift */ = {isa = PBXFileReference; lastKnownFileType = sourcecode.swift; path = FindPasswordViewController.swift; sourceTree = "<group>"; };
		BF8A9A12273B962000DA4DE4 /* FindPasswordViewModel.swift */ = {isa = PBXFileReference; lastKnownFileType = sourcecode.swift; path = FindPasswordViewModel.swift; sourceTree = "<group>"; };
		BF8A9A14273B97AF00DA4DE4 /* ConfirmPasswordViewController.swift */ = {isa = PBXFileReference; lastKnownFileType = sourcecode.swift; path = ConfirmPasswordViewController.swift; sourceTree = "<group>"; };
		BF8A9A16273B9FC100DA4DE4 /* lf30_editor_ctu3nzol.json */ = {isa = PBXFileReference; fileEncoding = 4; lastKnownFileType = text.json; path = lf30_editor_ctu3nzol.json; sourceTree = "<group>"; };
		BF8AA37F27677ED70054A5C4 /* SortViewController.swift */ = {isa = PBXFileReference; lastKnownFileType = sourcecode.swift; path = SortViewController.swift; sourceTree = "<group>"; };
		BF8D262E2743DD85002A9165 /* TmpAddressViewController.swift */ = {isa = PBXFileReference; lastKnownFileType = sourcecode.swift; path = TmpAddressViewController.swift; sourceTree = "<group>"; };
		BF8D62662718FF51006D7227 /* Knowing.app */ = {isa = PBXFileReference; explicitFileType = wrapper.application; includeInIndex = 0; path = Knowing.app; sourceTree = BUILT_PRODUCTS_DIR; };
		BF8D62692718FF51006D7227 /* AppDelegate.swift */ = {isa = PBXFileReference; lastKnownFileType = sourcecode.swift; path = AppDelegate.swift; sourceTree = "<group>"; };
		BF8D626B2718FF51006D7227 /* SceneDelegate.swift */ = {isa = PBXFileReference; lastKnownFileType = sourcecode.swift; path = SceneDelegate.swift; sourceTree = "<group>"; };
		BF8D626D2718FF51006D7227 /* ViewController.swift */ = {isa = PBXFileReference; lastKnownFileType = sourcecode.swift; path = ViewController.swift; sourceTree = "<group>"; };
		BF8D62702718FF51006D7227 /* Base */ = {isa = PBXFileReference; lastKnownFileType = file.storyboard; name = Base; path = Base.lproj/Main.storyboard; sourceTree = "<group>"; };
		BF8D62722718FF53006D7227 /* Assets.xcassets */ = {isa = PBXFileReference; lastKnownFileType = folder.assetcatalog; path = Assets.xcassets; sourceTree = "<group>"; };
		BF8D62752718FF53006D7227 /* Base */ = {isa = PBXFileReference; lastKnownFileType = file.storyboard; name = Base; path = Base.lproj/LaunchScreen.storyboard; sourceTree = "<group>"; };
		BF8D62772718FF53006D7227 /* Info.plist */ = {isa = PBXFileReference; lastKnownFileType = text.plist.xml; path = Info.plist; sourceTree = "<group>"; };
		BF8D627D2719012A006D7227 /* GoogleService-Info.plist */ = {isa = PBXFileReference; fileEncoding = 4; lastKnownFileType = text.plist.xml; path = "GoogleService-Info.plist"; sourceTree = "<group>"; };
		BF8D8F6C2756FF98009E6696 /* ChartView.swift */ = {isa = PBXFileReference; lastKnownFileType = sourcecode.swift; path = ChartView.swift; sourceTree = "<group>"; };
		BF9A5D32274F1F0C005CC646 /* PostDetailViewController.swift */ = {isa = PBXFileReference; lastKnownFileType = sourcecode.swift; path = PostDetailViewController.swift; sourceTree = "<group>"; };
		BFA0796F271FD2F800912C18 /* MainTabViewController.swift */ = {isa = PBXFileReference; lastKnownFileType = sourcecode.swift; path = MainTabViewController.swift; sourceTree = "<group>"; };
		BFA07975271FD47F00912C18 /* HomeViewController.swift */ = {isa = PBXFileReference; lastKnownFileType = sourcecode.swift; path = HomeViewController.swift; sourceTree = "<group>"; };
		BFA07977271FD51600912C18 /* NotificationViewController.swift */ = {isa = PBXFileReference; lastKnownFileType = sourcecode.swift; path = NotificationViewController.swift; sourceTree = "<group>"; };
		BFA07979271FD5C900912C18 /* BookMarkViewController.swift */ = {isa = PBXFileReference; lastKnownFileType = sourcecode.swift; path = BookMarkViewController.swift; sourceTree = "<group>"; };
		BFA0797B271FD5F100912C18 /* MyPageViewController.swift */ = {isa = PBXFileReference; lastKnownFileType = sourcecode.swift; path = MyPageViewController.swift; sourceTree = "<group>"; };
		BFA4689B2746341A0056224A /* SchoolViewController.swift */ = {isa = PBXFileReference; lastKnownFileType = sourcecode.swift; path = SchoolViewController.swift; sourceTree = "<group>"; };
		BFA4689D27463BA50056224A /* School.swift */ = {isa = PBXFileReference; lastKnownFileType = sourcecode.swift; path = School.swift; sourceTree = "<group>"; };
		BFC38CF227365AE400F94876 /* User.swift */ = {isa = PBXFileReference; lastKnownFileType = sourcecode.swift; path = User.swift; sourceTree = "<group>"; };
		BFC74511273A0ADE00090BCB /* AddPostCategoryViewController.swift */ = {isa = PBXFileReference; lastKnownFileType = sourcecode.swift; path = AddPostCategoryViewController.swift; sourceTree = "<group>"; };
		BFECE1CB2738DCAF0055FA9D /* Enum.swift */ = {isa = PBXFileReference; lastKnownFileType = sourcecode.swift; path = Enum.swift; sourceTree = "<group>"; };
		BFF1299B2737C1B500BD89EA /* DefaultLoginViewModel.swift */ = {isa = PBXFileReference; lastKnownFileType = sourcecode.swift; path = DefaultLoginViewModel.swift; sourceTree = "<group>"; };
		BFF506F7271908D4003127CF /* LoginViewController.swift */ = {isa = PBXFileReference; lastKnownFileType = sourcecode.swift; path = LoginViewController.swift; sourceTree = "<group>"; };
		BFF506FA27190D80003127CF /* UIKitExtension.swift */ = {isa = PBXFileReference; lastKnownFileType = sourcecode.swift; path = UIKitExtension.swift; sourceTree = "<group>"; };
		BFFA1D3B271E4ED500DD7E1A /* Knowing.entitlements */ = {isa = PBXFileReference; lastKnownFileType = text.plist.entitlements; path = Knowing.entitlements; sourceTree = "<group>"; };
		BFFB7E96274A7EC7008FDF6A /* PostCell.swift */ = {isa = PBXFileReference; lastKnownFileType = sourcecode.swift; path = PostCell.swift; sourceTree = "<group>"; };
/* End PBXFileReference section */

/* Begin PBXFrameworksBuildPhase section */
		BF8D62632718FF51006D7227 /* Frameworks */ = {
			isa = PBXFrameworksBuildPhase;
			buildActionMask = 2147483647;
			files = (
				8E7FA5334C6155D207510C50 /* Pods_Knowing.framework in Frameworks */,
			);
			runOnlyForDeploymentPostprocessing = 0;
		};
/* End PBXFrameworksBuildPhase section */

/* Begin PBXGroup section */
		1E9C4B88C12C1A63B6BCCB52 /* Frameworks */ = {
			isa = PBXGroup;
			children = (
				234F8FC0A6937616FF54D776 /* Pods_Knowing.framework */,
			);
			name = Frameworks;
			sourceTree = "<group>";
		};
		5616B6088C50ADA057DBB5EA /* Pods */ = {
			isa = PBXGroup;
			children = (
				6FC58E7E1901AFC3F7ED30FD /* Pods-Knowing.debug.xcconfig */,
				79344B48A9993DC1F63632C6 /* Pods-Knowing.release.xcconfig */,
			);
			path = Pods;
			sourceTree = "<group>";
		};
		BF282B2F276884F9008E151C /* ModifyUser */ = {
			isa = PBXGroup;
			children = (
				BF877217275640DD00EC9C9A /* APIModifyUserViewController.swift */,
				BF87721B27565D4D00EC9C9A /* DefaultModifyUserViewController.swift */,
				BF282B3027688520008E151C /* ModifyUserViewController.swift */,
				BF282B3227689211008E151C /* ExtraModifyViewController.swift */,
				BF3502282768D4EA00399CC1 /* ExtraModifyViewModel.swift */,
			);
			path = ModifyUser;
			sourceTree = "<group>";
		};
		BF2E058127225D40008CA167 /* GuideView */ = {
			isa = PBXGroup;
			children = (
				BF2E058227225D7E008CA167 /* GuideViewController.swift */,
			);
			path = GuideView;
			sourceTree = "<group>";
		};
		BF3A03602748C4CE00832A3F /* Modal */ = {
			isa = PBXGroup;
			children = (
				BF8D262E2743DD85002A9165 /* TmpAddressViewController.swift */,
				BF151BAE2732760F0065E766 /* AddressViewController.swift */,
				BF273BAA273CB5200028EF07 /* SpecialViewController.swift */,
				BFA4689B2746341A0056224A /* SchoolViewController.swift */,
				BF8D8F6C2756FF98009E6696 /* ChartView.swift */,
				BF8AA37F27677ED70054A5C4 /* SortViewController.swift */,
			);
			path = Modal;
			sourceTree = "<group>";
		};
		BF5A2B87272A5D1100234429 /* Font */ = {
			isa = PBXGroup;
			children = (
				BF5A2B88272A5D4F00234429 /* GodoM.ttf */,
				BF368C45274E14110035DA50 /* AppleSDGothicNeoEB.ttf */,
				BF5A2B89272A62D500234429 /* GodoB.ttf */,
			);
			path = Font;
			sourceTree = "<group>";
		};
		BF5A2B8C272A7B7900234429 /* DefaultLoginView */ = {
			isa = PBXGroup;
			children = (
				BF5A2B8D272A7B8F00234429 /* DefaultLoginViewController.swift */,
				BFF1299B2737C1B500BD89EA /* DefaultLoginViewModel.swift */,
			);
			path = DefaultLoginView;
			sourceTree = "<group>";
		};
		BF5A2B8F272A7B9D00234429 /* MainLogin */ = {
			isa = PBXGroup;
			children = (
				BFF506F7271908D4003127CF /* LoginViewController.swift */,
			);
			path = MainLogin;
			sourceTree = "<group>";
		};
		BF5C9BBC2742938700005AC7 /* ApiSignUp */ = {
			isa = PBXGroup;
			children = (
				BF5C9BBD2742939E00005AC7 /* ApiSignUpViewController.swift */,
				BF5C9BBF2742A53C00005AC7 /* ApiSignUpViewModel.swift */,
			);
			path = ApiSignUp;
			sourceTree = "<group>";
		};
		BF6086A12740ABA100D63BF6 /* AgreeTerms */ = {
			isa = PBXGroup;
			children = (
				BF6086A22740ABB900D63BF6 /* AgreeTermsViewController.swift */,
				BF6086A42740B3D100D63BF6 /* AgreeTermsViewModel.swift */,
			);
			path = AgreeTerms;
			sourceTree = "<group>";
		};
		BF8379352729206C00584E33 /* HomeChartView */ = {
			isa = PBXGroup;
			children = (
				BF8379362729208900584E33 /* HomeChartView.swift */,
				BF7749842754E0290062180A /* HomeChartViewModel.swift */,
			);
			path = HomeChartView;
			sourceTree = "<group>";
		};
		BF837938272921D400584E33 /* HomeCalendarVIew */ = {
			isa = PBXGroup;
			children = (
				BF8379392729238300584E33 /* HomeCalendarVIew.swift */,
			);
			path = HomeCalendarVIew;
			sourceTree = "<group>";
		};
		BF83793B272924A300584E33 /* HomeAllPostView */ = {
			isa = PBXGroup;
			children = (
				BF83793C272924B100584E33 /* HomeAllPostView.swift */,
				BF7749862754F3550062180A /* HomeAllPostViewModel.swift */,
			);
			path = HomeAllPostView;
			sourceTree = "<group>";
		};
		BF85C62C2731111C005D9EF1 /* DefaultSignUp */ = {
			isa = PBXGroup;
			children = (
				BF85C630273111B7005D9EF1 /* SignUpViewController.swift */,
				BF85C62827310147005D9EF1 /* SignUpViewModel.swift */,
			);
			path = DefaultSignUp;
			sourceTree = "<group>";
		};
		BF85C632273111EA005D9EF1 /* ExtraSignUp */ = {
			isa = PBXGroup;
			children = (
				BF85C63327311203005D9EF1 /* ExtraSignUpViewController.swift */,
				BF151BA4273243BC0065E766 /* StepOneView.swift */,
				BF151BA62732465C0065E766 /* StepTwoView.swift */,
				BF151BA82732466B0065E766 /* StepThreeView.swift */,
				BF151BAA273246790065E766 /* StepFourView.swift */,
				BF151BAC273246850065E766 /* StepFiveView.swift */,
				BF5351CA2733C2230040ECFE /* ExtraSignUpViewModel.swift */,
			);
			path = ExtraSignUp;
			sourceTree = "<group>";
		};
		BF8A9A04273B838400DA4DE4 /* FindEmail */ = {
			isa = PBXGroup;
			children = (
				BF8A9A05273B83A600DA4DE4 /* FindEmailViewController.swift */,
				BF8A9A07273B879E00DA4DE4 /* FindEmailViewModel.swift */,
				BF8A9A09273B8BBA00DA4DE4 /* ConfirmEmailViewController.swift */,
				BF8A9A0E273B927000DA4DE4 /* lf20_rjrqsjob.json */,
			);
			path = FindEmail;
			sourceTree = "<group>";
		};
		BF8A9A0D273B90D500DA4DE4 /* FindPassword */ = {
			isa = PBXGroup;
			children = (
				BF8A9A10273B929F00DA4DE4 /* FindPasswordViewController.swift */,
				BF8A9A12273B962000DA4DE4 /* FindPasswordViewModel.swift */,
				BF8A9A14273B97AF00DA4DE4 /* ConfirmPasswordViewController.swift */,
				BF8A9A16273B9FC100DA4DE4 /* lf30_editor_ctu3nzol.json */,
			);
			path = FindPassword;
			sourceTree = "<group>";
		};
		BF8D625D2718FF51006D7227 = {
			isa = PBXGroup;
			children = (
				BF8D62682718FF51006D7227 /* Knowing */,
				BF8D62672718FF51006D7227 /* Products */,
				5616B6088C50ADA057DBB5EA /* Pods */,
				1E9C4B88C12C1A63B6BCCB52 /* Frameworks */,
			);
			sourceTree = "<group>";
		};
		BF8D62672718FF51006D7227 /* Products */ = {
			isa = PBXGroup;
			children = (
				BF8D62662718FF51006D7227 /* Knowing.app */,
			);
			name = Products;
			sourceTree = "<group>";
		};
		BF8D62682718FF51006D7227 /* Knowing */ = {
			isa = PBXGroup;
			children = (
				BFC38CF127365AAE00F94876 /* User */,
				BFFA1D3B271E4ED500DD7E1A /* Knowing.entitlements */,
				BF5A2B87272A5D1100234429 /* Font */,
				BFA0796E271FD1B700912C18 /* MainView */,
				BFE0AF7F271950E000CA476A /* SignUpView */,
				BFF506F62719033F003127CF /* LoginView */,
				BF2E058127225D40008CA167 /* GuideView */,
				BF8D626B2718FF51006D7227 /* SceneDelegate.swift */,
				BF8D626D2718FF51006D7227 /* ViewController.swift */,
				BF8D626F2718FF51006D7227 /* Main.storyboard */,
				BF8D62692718FF51006D7227 /* AppDelegate.swift */,
				BF8D62722718FF53006D7227 /* Assets.xcassets */,
				BF8D62742718FF53006D7227 /* LaunchScreen.storyboard */,
				BF8D627D2719012A006D7227 /* GoogleService-Info.plist */,
				BF8D62772718FF53006D7227 /* Info.plist */,
				BF3A03602748C4CE00832A3F /* Modal */,
				BFF506F927190BAE003127CF /* Util */,
			);
			path = Knowing;
			sourceTree = "<group>";
		};
		BF9A5D31274F1EFC005CC646 /* PostDetailView */ = {
			isa = PBXGroup;
			children = (
				BF9A5D32274F1F0C005CC646 /* PostDetailViewController.swift */,
				BF3CF93D274FD6850018260B /* PostDetailViewModel.swift */,
			);
			path = PostDetailView;
			sourceTree = "<group>";
		};
		BFA0796E271FD1B700912C18 /* MainView */ = {
			isa = PBXGroup;
			children = (
				BF9A5D31274F1EFC005CC646 /* PostDetailView */,
				BFA07974271FD42000912C18 /* HomeView */,
				BFA07973271FD41400912C18 /* NotificationView */,
				BFA07972271FD3E600912C18 /* BookMarkView */,
				BFA07971271FD3C200912C18 /* MyPageView */,
				BFA0796F271FD2F800912C18 /* MainTabViewController.swift */,
				BF2E058827229C30008CA167 /* LoadingViewController.swift */,
				BFFB7E96274A7EC7008FDF6A /* PostCell.swift */,
				BF7749822754C98D0062180A /* MainTabViewModel.swift */,
			);
			path = MainView;
			sourceTree = "<group>";
		};
		BFA07971271FD3C200912C18 /* MyPageView */ = {
			isa = PBXGroup;
			children = (
				BF282B2F276884F9008E151C /* ModifyUser */,
				BFA0797B271FD5F100912C18 /* MyPageViewController.swift */,
				BF87720F2755E6D700EC9C9A /* TermsAndConditionsViewController.swift */,
				BF8772112755ED8000EC9C9A /* OpenSourceViewController.swift */,
				BF8772132755F11C00EC9C9A /* PersonnalInfoViewController.swift */,
				BF8772152756181900EC9C9A /* AlarmSettingViewController.swift */,
				BF87721D275679E200EC9C9A /* NoticeViewController.swift */,
			);
			path = MyPageView;
			sourceTree = "<group>";
		};
		BFA07972271FD3E600912C18 /* BookMarkView */ = {
			isa = PBXGroup;
			children = (
				BFA07979271FD5C900912C18 /* BookMarkViewController.swift */,
			);
			path = BookMarkView;
			sourceTree = "<group>";
		};
		BFA07973271FD41400912C18 /* NotificationView */ = {
			isa = PBXGroup;
			children = (
				BFA07977271FD51600912C18 /* NotificationViewController.swift */,
			);
			path = NotificationView;
			sourceTree = "<group>";
		};
		BFA07974271FD42000912C18 /* HomeView */ = {
			isa = PBXGroup;
			children = (
				BF83793B272924A300584E33 /* HomeAllPostView */,
				BF837938272921D400584E33 /* HomeCalendarVIew */,
				BF8379352729206C00584E33 /* HomeChartView */,
				BFA07975271FD47F00912C18 /* HomeViewController.swift */,
			);
			path = HomeView;
			sourceTree = "<group>";
		};
		BFC38CF127365AAE00F94876 /* User */ = {
			isa = PBXGroup;
			children = (
				BFC38CF227365AE400F94876 /* User.swift */,
				BFA4689D27463BA50056224A /* School.swift */,
				BF768BCB274CD4390050C0EF /* Post.swift */,
				BF8772192756412300EC9C9A /* Category.swift */,
				BF4F267E27584BD7004A153D /* Alarm.swift */,
			);
			path = User;
			sourceTree = "<group>";
		};
		BFC74510273A0A2000090BCB /* AddPostCategory */ = {
			isa = PBXGroup;
			children = (
				BFC74511273A0ADE00090BCB /* AddPostCategoryViewController.swift */,
				BF8A9A02273B7EEA00DA4DE4 /* AddPostCategoryViewModel.swift */,
			);
			path = AddPostCategory;
			sourceTree = "<group>";
		};
		BFE0AF7F271950E000CA476A /* SignUpView */ = {
			isa = PBXGroup;
			children = (
				BF5C9BBC2742938700005AC7 /* ApiSignUp */,
				BF6086A12740ABA100D63BF6 /* AgreeTerms */,
				BFC74510273A0A2000090BCB /* AddPostCategory */,
				BF85C632273111EA005D9EF1 /* ExtraSignUp */,
				BF85C62C2731111C005D9EF1 /* DefaultSignUp */,
			);
			path = SignUpView;
			sourceTree = "<group>";
		};
		BFF506F62719033F003127CF /* LoginView */ = {
			isa = PBXGroup;
			children = (
				BF8A9A0D273B90D500DA4DE4 /* FindPassword */,
				BF8A9A04273B838400DA4DE4 /* FindEmail */,
				BF5A2B8F272A7B9D00234429 /* MainLogin */,
				BF5A2B8C272A7B7900234429 /* DefaultLoginView */,
			);
			path = LoginView;
			sourceTree = "<group>";
		};
		BFF506F927190BAE003127CF /* Util */ = {
			isa = PBXGroup;
			children = (
				BFF506FA27190D80003127CF /* UIKitExtension.swift */,
				BF2E058427226070008CA167 /* CustomComponent.swift */,
				BF2E058627229B6F008CA167 /* lf20_ng9j9lpx_1.json */,
				BF85C62A27310883005D9EF1 /* FoundationExtension.swift */,
				BFECE1CB2738DCAF0055FA9D /* Enum.swift */,
			);
			path = Util;
			sourceTree = "<group>";
		};
/* End PBXGroup section */

/* Begin PBXNativeTarget section */
		BF8D62652718FF51006D7227 /* Knowing */ = {
			isa = PBXNativeTarget;
			buildConfigurationList = BF8D627A2718FF53006D7227 /* Build configuration list for PBXNativeTarget "Knowing" */;
			buildPhases = (
				32DB3F80E0FE7D625B187426 /* [CP] Check Pods Manifest.lock */,
				BF8D62622718FF51006D7227 /* Sources */,
				BF8D62632718FF51006D7227 /* Frameworks */,
				BF8D62642718FF51006D7227 /* Resources */,
				3FBFDF3534DB7F44FD8D57A9 /* [CP] Embed Pods Frameworks */,
			);
			buildRules = (
			);
			dependencies = (
			);
			name = Knowing;
			productName = Knowing;
			productReference = BF8D62662718FF51006D7227 /* Knowing.app */;
			productType = "com.apple.product-type.application";
		};
/* End PBXNativeTarget section */

/* Begin PBXProject section */
		BF8D625E2718FF51006D7227 /* Project object */ = {
			isa = PBXProject;
			attributes = {
				LastSwiftUpdateCheck = 1250;
				LastUpgradeCheck = 1250;
				TargetAttributes = {
					BF8D62652718FF51006D7227 = {
						CreatedOnToolsVersion = 12.5;
					};
				};
			};
			buildConfigurationList = BF8D62612718FF51006D7227 /* Build configuration list for PBXProject "Knowing" */;
			compatibilityVersion = "Xcode 9.3";
			developmentRegion = en;
			hasScannedForEncodings = 0;
			knownRegions = (
				en,
				Base,
			);
			mainGroup = BF8D625D2718FF51006D7227;
			productRefGroup = BF8D62672718FF51006D7227 /* Products */;
			projectDirPath = "";
			projectRoot = "";
			targets = (
				BF8D62652718FF51006D7227 /* Knowing */,
			);
		};
/* End PBXProject section */

/* Begin PBXResourcesBuildPhase section */
		BF8D62642718FF51006D7227 /* Resources */ = {
			isa = PBXResourcesBuildPhase;
			buildActionMask = 2147483647;
			files = (
				BF8D62762718FF53006D7227 /* LaunchScreen.storyboard in Resources */,
				BF5A2B8B272A67E500234429 /* GodoB.ttf in Resources */,
				BF8A9A17273B9FC100DA4DE4 /* lf30_editor_ctu3nzol.json in Resources */,
				BF5A2B8A272A67E200234429 /* GodoM.ttf in Resources */,
				BF8D627E2719012A006D7227 /* GoogleService-Info.plist in Resources */,
				BF8D62732718FF53006D7227 /* Assets.xcassets in Resources */,
				BF8D62712718FF51006D7227 /* Main.storyboard in Resources */,
				BF2E058727229B6F008CA167 /* lf20_ng9j9lpx_1.json in Resources */,
				BF368C46274E14110035DA50 /* AppleSDGothicNeoEB.ttf in Resources */,
				BF8A9A0F273B927000DA4DE4 /* lf20_rjrqsjob.json in Resources */,
			);
			runOnlyForDeploymentPostprocessing = 0;
		};
/* End PBXResourcesBuildPhase section */

/* Begin PBXShellScriptBuildPhase section */
		32DB3F80E0FE7D625B187426 /* [CP] Check Pods Manifest.lock */ = {
			isa = PBXShellScriptBuildPhase;
			buildActionMask = 2147483647;
			files = (
			);
			inputFileListPaths = (
			);
			inputPaths = (
				"${PODS_PODFILE_DIR_PATH}/Podfile.lock",
				"${PODS_ROOT}/Manifest.lock",
			);
			name = "[CP] Check Pods Manifest.lock";
			outputFileListPaths = (
			);
			outputPaths = (
				"$(DERIVED_FILE_DIR)/Pods-Knowing-checkManifestLockResult.txt",
			);
			runOnlyForDeploymentPostprocessing = 0;
			shellPath = /bin/sh;
			shellScript = "diff \"${PODS_PODFILE_DIR_PATH}/Podfile.lock\" \"${PODS_ROOT}/Manifest.lock\" > /dev/null\nif [ $? != 0 ] ; then\n    # print error to STDERR\n    echo \"error: The sandbox is not in sync with the Podfile.lock. Run 'pod install' or update your CocoaPods installation.\" >&2\n    exit 1\nfi\n# This output is used by Xcode 'outputs' to avoid re-running this script phase.\necho \"SUCCESS\" > \"${SCRIPT_OUTPUT_FILE_0}\"\n";
			showEnvVarsInLog = 0;
		};
		3FBFDF3534DB7F44FD8D57A9 /* [CP] Embed Pods Frameworks */ = {
			isa = PBXShellScriptBuildPhase;
			buildActionMask = 2147483647;
			files = (
			);
			inputFileListPaths = (
				"${PODS_ROOT}/Target Support Files/Pods-Knowing/Pods-Knowing-frameworks-${CONFIGURATION}-input-files.xcfilelist",
			);
			name = "[CP] Embed Pods Frameworks";
			outputFileListPaths = (
				"${PODS_ROOT}/Target Support Files/Pods-Knowing/Pods-Knowing-frameworks-${CONFIGURATION}-output-files.xcfilelist",
			);
			runOnlyForDeploymentPostprocessing = 0;
			shellPath = /bin/sh;
			shellScript = "\"${PODS_ROOT}/Target Support Files/Pods-Knowing/Pods-Knowing-frameworks.sh\"\n";
			showEnvVarsInLog = 0;
		};
/* End PBXShellScriptBuildPhase section */

/* Begin PBXSourcesBuildPhase section */
		BF8D62622718FF51006D7227 /* Sources */ = {
			isa = PBXSourcesBuildPhase;
			buildActionMask = 2147483647;
			files = (
				BF85C631273111B7005D9EF1 /* SignUpViewController.swift in Sources */,
				BF273BAB273CB5200028EF07 /* SpecialViewController.swift in Sources */,
				BF2E058527226070008CA167 /* CustomComponent.swift in Sources */,
				BF83793D272924B100584E33 /* HomeAllPostView.swift in Sources */,
				BF8A9A0A273B8BBA00DA4DE4 /* ConfirmEmailViewController.swift in Sources */,
				BF151BA72732465C0065E766 /* StepTwoView.swift in Sources */,
				BF8A9A13273B962000DA4DE4 /* FindPasswordViewModel.swift in Sources */,
				BF85C63427311203005D9EF1 /* ExtraSignUpViewController.swift in Sources */,
				BF85C62927310147005D9EF1 /* SignUpViewModel.swift in Sources */,
				BF83793A2729238300584E33 /* HomeCalendarVIew.swift in Sources */,
				BF8AA38027677ED70054A5C4 /* SortViewController.swift in Sources */,
				BFA07978271FD51600912C18 /* NotificationViewController.swift in Sources */,
				BFC38CF327365AE400F94876 /* User.swift in Sources */,
				BF8A9A06273B83A600DA4DE4 /* FindEmailViewController.swift in Sources */,
				BF6086A32740ABB900D63BF6 /* AgreeTermsViewController.swift in Sources */,
				BF2E058927229C30008CA167 /* LoadingViewController.swift in Sources */,
				BF8772102755E6D700EC9C9A /* TermsAndConditionsViewController.swift in Sources */,
				BF5C9BBE2742939E00005AC7 /* ApiSignUpViewController.swift in Sources */,
				BF8A9A03273B7EEA00DA4DE4 /* AddPostCategoryViewModel.swift in Sources */,
				BFF506F8271908D4003127CF /* LoginViewController.swift in Sources */,
				BFFB7E97274A7EC7008FDF6A /* PostCell.swift in Sources */,
				BFC74512273A0ADE00090BCB /* AddPostCategoryViewController.swift in Sources */,
				BF7749832754C98D0062180A /* MainTabViewModel.swift in Sources */,
				BF8772142755F11C00EC9C9A /* PersonnalInfoViewController.swift in Sources */,
				BF768BCC274CD4390050C0EF /* Post.swift in Sources */,
				BF151BAB273246790065E766 /* StepFourView.swift in Sources */,
				BF3CF93E274FD6850018260B /* PostDetailViewModel.swift in Sources */,
				BF8379372729208900584E33 /* HomeChartView.swift in Sources */,
				BFA07970271FD2F800912C18 /* MainTabViewController.swift in Sources */,
				BFA4689C2746341A0056224A /* SchoolViewController.swift in Sources */,
				BF151BA5273243BC0065E766 /* StepOneView.swift in Sources */,
				BF151BA92732466B0065E766 /* StepThreeView.swift in Sources */,
				BF5351CB2733C2230040ECFE /* ExtraSignUpViewModel.swift in Sources */,
				BF8A9A15273B97AF00DA4DE4 /* ConfirmPasswordViewController.swift in Sources */,
				BF8772122755ED8000EC9C9A /* OpenSourceViewController.swift in Sources */,
				BF5A2B8E272A7B8F00234429 /* DefaultLoginViewController.swift in Sources */,
				BF282B3327689211008E151C /* ExtraModifyViewController.swift in Sources */,
				BF9A5D33274F1F0C005CC646 /* PostDetailViewController.swift in Sources */,
				BF5C9BC02742A53C00005AC7 /* ApiSignUpViewModel.swift in Sources */,
				BF8D626E2718FF51006D7227 /* ViewController.swift in Sources */,
				BF7749872754F3550062180A /* HomeAllPostViewModel.swift in Sources */,
				BF3502292768D4EA00399CC1 /* ExtraModifyViewModel.swift in Sources */,
				BFA0797A271FD5C900912C18 /* BookMarkViewController.swift in Sources */,
				BF8D8F6D2756FF98009E6696 /* ChartView.swift in Sources */,
				BF87721A2756412300EC9C9A /* Category.swift in Sources */,
				BFA4689E27463BA50056224A /* School.swift in Sources */,
				BF87721C27565D4D00EC9C9A /* DefaultModifyUserViewController.swift in Sources */,
				BF85C62B27310883005D9EF1 /* FoundationExtension.swift in Sources */,
				BF8A9A08273B879E00DA4DE4 /* FindEmailViewModel.swift in Sources */,
				BF282B3127688520008E151C /* ModifyUserViewController.swift in Sources */,
				BF151BAF2732760F0065E766 /* AddressViewController.swift in Sources */,
				BFA0797C271FD5F100912C18 /* MyPageViewController.swift in Sources */,
				BFF1299C2737C1B500BD89EA /* DefaultLoginViewModel.swift in Sources */,
				BF877218275640DD00EC9C9A /* APIModifyUserViewController.swift in Sources */,
				BF151BAD273246850065E766 /* StepFiveView.swift in Sources */,
				BF8D262F2743DD85002A9165 /* TmpAddressViewController.swift in Sources */,
				BF6086A52740B3D100D63BF6 /* AgreeTermsViewModel.swift in Sources */,
				BF8772162756181900EC9C9A /* AlarmSettingViewController.swift in Sources */,
				BFECE1CC2738DCAF0055FA9D /* Enum.swift in Sources */,
				BF8A9A11273B929F00DA4DE4 /* FindPasswordViewController.swift in Sources */,
				BFA07976271FD47F00912C18 /* HomeViewController.swift in Sources */,
				BF4F267F27584BD8004A153D /* Alarm.swift in Sources */,
				BF7749852754E0290062180A /* HomeChartViewModel.swift in Sources */,
				BF87721E275679E200EC9C9A /* NoticeViewController.swift in Sources */,
				BF8D626A2718FF51006D7227 /* AppDelegate.swift in Sources */,
				BFF506FB27190D80003127CF /* UIKitExtension.swift in Sources */,
				BF2E058327225D7E008CA167 /* GuideViewController.swift in Sources */,
				BF8D626C2718FF51006D7227 /* SceneDelegate.swift in Sources */,
			);
			runOnlyForDeploymentPostprocessing = 0;
		};
/* End PBXSourcesBuildPhase section */

/* Begin PBXVariantGroup section */
		BF8D626F2718FF51006D7227 /* Main.storyboard */ = {
			isa = PBXVariantGroup;
			children = (
				BF8D62702718FF51006D7227 /* Base */,
			);
			name = Main.storyboard;
			sourceTree = "<group>";
		};
		BF8D62742718FF53006D7227 /* LaunchScreen.storyboard */ = {
			isa = PBXVariantGroup;
			children = (
				BF8D62752718FF53006D7227 /* Base */,
			);
			name = LaunchScreen.storyboard;
			sourceTree = "<group>";
		};
/* End PBXVariantGroup section */

/* Begin XCBuildConfiguration section */
		BF8D62782718FF53006D7227 /* Debug */ = {
			isa = XCBuildConfiguration;
			buildSettings = {
				ALWAYS_SEARCH_USER_PATHS = NO;
				CLANG_ANALYZER_NONNULL = YES;
				CLANG_ANALYZER_NUMBER_OBJECT_CONVERSION = YES_AGGRESSIVE;
				CLANG_CXX_LANGUAGE_STANDARD = "gnu++14";
				CLANG_CXX_LIBRARY = "libc++";
				CLANG_ENABLE_MODULES = YES;
				CLANG_ENABLE_OBJC_ARC = YES;
				CLANG_ENABLE_OBJC_WEAK = YES;
				CLANG_WARN_BLOCK_CAPTURE_AUTORELEASING = YES;
				CLANG_WARN_BOOL_CONVERSION = YES;
				CLANG_WARN_COMMA = YES;
				CLANG_WARN_CONSTANT_CONVERSION = YES;
				CLANG_WARN_DEPRECATED_OBJC_IMPLEMENTATIONS = YES;
				CLANG_WARN_DIRECT_OBJC_ISA_USAGE = YES_ERROR;
				CLANG_WARN_DOCUMENTATION_COMMENTS = YES;
				CLANG_WARN_EMPTY_BODY = YES;
				CLANG_WARN_ENUM_CONVERSION = YES;
				CLANG_WARN_INFINITE_RECURSION = YES;
				CLANG_WARN_INT_CONVERSION = YES;
				CLANG_WARN_NON_LITERAL_NULL_CONVERSION = YES;
				CLANG_WARN_OBJC_IMPLICIT_RETAIN_SELF = YES;
				CLANG_WARN_OBJC_LITERAL_CONVERSION = YES;
				CLANG_WARN_OBJC_ROOT_CLASS = YES_ERROR;
				CLANG_WARN_QUOTED_INCLUDE_IN_FRAMEWORK_HEADER = YES;
				CLANG_WARN_RANGE_LOOP_ANALYSIS = YES;
				CLANG_WARN_STRICT_PROTOTYPES = YES;
				CLANG_WARN_SUSPICIOUS_MOVE = YES;
				CLANG_WARN_UNGUARDED_AVAILABILITY = YES_AGGRESSIVE;
				CLANG_WARN_UNREACHABLE_CODE = YES;
				CLANG_WARN__DUPLICATE_METHOD_MATCH = YES;
				COPY_PHASE_STRIP = NO;
				DEBUG_INFORMATION_FORMAT = dwarf;
				ENABLE_STRICT_OBJC_MSGSEND = YES;
				ENABLE_TESTABILITY = YES;
				GCC_C_LANGUAGE_STANDARD = gnu11;
				GCC_DYNAMIC_NO_PIC = NO;
				GCC_NO_COMMON_BLOCKS = YES;
				GCC_OPTIMIZATION_LEVEL = 0;
				GCC_PREPROCESSOR_DEFINITIONS = (
					"DEBUG=1",
					"$(inherited)",
				);
				GCC_WARN_64_TO_32_BIT_CONVERSION = YES;
				GCC_WARN_ABOUT_RETURN_TYPE = YES_ERROR;
				GCC_WARN_UNDECLARED_SELECTOR = YES;
				GCC_WARN_UNINITIALIZED_AUTOS = YES_AGGRESSIVE;
				GCC_WARN_UNUSED_FUNCTION = YES;
				GCC_WARN_UNUSED_VARIABLE = YES;
				IPHONEOS_DEPLOYMENT_TARGET = 14.5;
				MTL_ENABLE_DEBUG_INFO = INCLUDE_SOURCE;
				MTL_FAST_MATH = YES;
				ONLY_ACTIVE_ARCH = YES;
				SDKROOT = iphoneos;
				SWIFT_ACTIVE_COMPILATION_CONDITIONS = DEBUG;
				SWIFT_OPTIMIZATION_LEVEL = "-Onone";
			};
			name = Debug;
		};
		BF8D62792718FF53006D7227 /* Release */ = {
			isa = XCBuildConfiguration;
			buildSettings = {
				ALWAYS_SEARCH_USER_PATHS = NO;
				CLANG_ANALYZER_NONNULL = YES;
				CLANG_ANALYZER_NUMBER_OBJECT_CONVERSION = YES_AGGRESSIVE;
				CLANG_CXX_LANGUAGE_STANDARD = "gnu++14";
				CLANG_CXX_LIBRARY = "libc++";
				CLANG_ENABLE_MODULES = YES;
				CLANG_ENABLE_OBJC_ARC = YES;
				CLANG_ENABLE_OBJC_WEAK = YES;
				CLANG_WARN_BLOCK_CAPTURE_AUTORELEASING = YES;
				CLANG_WARN_BOOL_CONVERSION = YES;
				CLANG_WARN_COMMA = YES;
				CLANG_WARN_CONSTANT_CONVERSION = YES;
				CLANG_WARN_DEPRECATED_OBJC_IMPLEMENTATIONS = YES;
				CLANG_WARN_DIRECT_OBJC_ISA_USAGE = YES_ERROR;
				CLANG_WARN_DOCUMENTATION_COMMENTS = YES;
				CLANG_WARN_EMPTY_BODY = YES;
				CLANG_WARN_ENUM_CONVERSION = YES;
				CLANG_WARN_INFINITE_RECURSION = YES;
				CLANG_WARN_INT_CONVERSION = YES;
				CLANG_WARN_NON_LITERAL_NULL_CONVERSION = YES;
				CLANG_WARN_OBJC_IMPLICIT_RETAIN_SELF = YES;
				CLANG_WARN_OBJC_LITERAL_CONVERSION = YES;
				CLANG_WARN_OBJC_ROOT_CLASS = YES_ERROR;
				CLANG_WARN_QUOTED_INCLUDE_IN_FRAMEWORK_HEADER = YES;
				CLANG_WARN_RANGE_LOOP_ANALYSIS = YES;
				CLANG_WARN_STRICT_PROTOTYPES = YES;
				CLANG_WARN_SUSPICIOUS_MOVE = YES;
				CLANG_WARN_UNGUARDED_AVAILABILITY = YES_AGGRESSIVE;
				CLANG_WARN_UNREACHABLE_CODE = YES;
				CLANG_WARN__DUPLICATE_METHOD_MATCH = YES;
				COPY_PHASE_STRIP = NO;
				DEBUG_INFORMATION_FORMAT = "dwarf-with-dsym";
				ENABLE_NS_ASSERTIONS = NO;
				ENABLE_STRICT_OBJC_MSGSEND = YES;
				GCC_C_LANGUAGE_STANDARD = gnu11;
				GCC_NO_COMMON_BLOCKS = YES;
				GCC_WARN_64_TO_32_BIT_CONVERSION = YES;
				GCC_WARN_ABOUT_RETURN_TYPE = YES_ERROR;
				GCC_WARN_UNDECLARED_SELECTOR = YES;
				GCC_WARN_UNINITIALIZED_AUTOS = YES_AGGRESSIVE;
				GCC_WARN_UNUSED_FUNCTION = YES;
				GCC_WARN_UNUSED_VARIABLE = YES;
				IPHONEOS_DEPLOYMENT_TARGET = 14.5;
				MTL_ENABLE_DEBUG_INFO = NO;
				MTL_FAST_MATH = YES;
				SDKROOT = iphoneos;
				SWIFT_COMPILATION_MODE = wholemodule;
				SWIFT_OPTIMIZATION_LEVEL = "-O";
				VALIDATE_PRODUCT = YES;
			};
			name = Release;
		};
		BF8D627B2718FF53006D7227 /* Debug */ = {
			isa = XCBuildConfiguration;
			baseConfigurationReference = 6FC58E7E1901AFC3F7ED30FD /* Pods-Knowing.debug.xcconfig */;
			buildSettings = {
				ASSETCATALOG_COMPILER_APPICON_NAME = AppIcon;
				ASSETCATALOG_COMPILER_GLOBAL_ACCENT_COLOR_NAME = AccentColor;
				CODE_SIGN_ENTITLEMENTS = Knowing/Knowing.entitlements;
				CODE_SIGN_STYLE = Automatic;
				CURRENT_PROJECT_VERSION = 2;
				DEVELOPMENT_TEAM = GX47BK9CV6;
				INFOPLIST_FILE = Knowing/Info.plist;
				IPHONEOS_DEPLOYMENT_TARGET = 13.0;
				LD_RUNPATH_SEARCH_PATHS = (
					"$(inherited)",
					"@executable_path/Frameworks",
				);
				MARKETING_VERSION = 1.0.1;
				PRODUCT_BUNDLE_IDENTIFIER = com.cmcTeamTeam.Knowing;
				PRODUCT_NAME = "$(TARGET_NAME)";
				SWIFT_VERSION = 5.0;
				TARGETED_DEVICE_FAMILY = 1;
			};
			name = Debug;
		};
		BF8D627C2718FF53006D7227 /* Release */ = {
			isa = XCBuildConfiguration;
			baseConfigurationReference = 79344B48A9993DC1F63632C6 /* Pods-Knowing.release.xcconfig */;
			buildSettings = {
				ASSETCATALOG_COMPILER_APPICON_NAME = AppIcon;
				ASSETCATALOG_COMPILER_GLOBAL_ACCENT_COLOR_NAME = AccentColor;
				CODE_SIGN_ENTITLEMENTS = Knowing/Knowing.entitlements;
				CODE_SIGN_STYLE = Automatic;
				CURRENT_PROJECT_VERSION = 2;
				DEVELOPMENT_TEAM = GX47BK9CV6;
				INFOPLIST_FILE = Knowing/Info.plist;
				IPHONEOS_DEPLOYMENT_TARGET = 13.0;
				LD_RUNPATH_SEARCH_PATHS = (
					"$(inherited)",
					"@executable_path/Frameworks",
				);
				MARKETING_VERSION = 1.0.1;
				PRODUCT_BUNDLE_IDENTIFIER = com.cmcTeamTeam.Knowing;
				PRODUCT_NAME = "$(TARGET_NAME)";
				SWIFT_VERSION = 5.0;
				TARGETED_DEVICE_FAMILY = 1;
			};
			name = Release;
		};
/* End XCBuildConfiguration section */

/* Begin XCConfigurationList section */
		BF8D62612718FF51006D7227 /* Build configuration list for PBXProject "Knowing" */ = {
			isa = XCConfigurationList;
			buildConfigurations = (
				BF8D62782718FF53006D7227 /* Debug */,
				BF8D62792718FF53006D7227 /* Release */,
			);
			defaultConfigurationIsVisible = 0;
			defaultConfigurationName = Release;
		};
		BF8D627A2718FF53006D7227 /* Build configuration list for PBXNativeTarget "Knowing" */ = {
			isa = XCConfigurationList;
			buildConfigurations = (
				BF8D627B2718FF53006D7227 /* Debug */,
				BF8D627C2718FF53006D7227 /* Release */,
			);
			defaultConfigurationIsVisible = 0;
			defaultConfigurationName = Release;
		};
/* End XCConfigurationList section */
	};
	rootObject = BF8D625E2718FF51006D7227 /* Project object */;
}
